// !$*UTF8*$!
{
	archiveVersion = 1;
	classes = {
	};
	objectVersion = 46;
	objects = {

/* Begin PBXBuildFile section */
		258DDE021CA95A7600D94413 /* AppDelegate.swift in Sources */ = {isa = PBXBuildFile; fileRef = 258DDE011CA95A7600D94413 /* AppDelegate.swift */; };
		258DDE041CA95A7600D94413 /* ViewController.swift in Sources */ = {isa = PBXBuildFile; fileRef = 258DDE031CA95A7600D94413 /* ViewController.swift */; };
		258DDE071CA95A7600D94413 /* Main.storyboard in Resources */ = {isa = PBXBuildFile; fileRef = 258DDE051CA95A7600D94413 /* Main.storyboard */; };
		258DDE091CA95A7600D94413 /* Images.xcassets in Resources */ = {isa = PBXBuildFile; fileRef = 258DDE081CA95A7600D94413 /* Images.xcassets */; };
		258DDE0C1CA95A7600D94413 /* LaunchScreen.xib in Resources */ = {isa = PBXBuildFile; fileRef = 258DDE0A1CA95A7600D94413 /* LaunchScreen.xib */; };
		258DDE181CA95A7600D94413 /* tttttttTests.swift in Sources */ = {isa = PBXBuildFile; fileRef = 258DDE171CA95A7600D94413 /* tttttttTests.swift */; };
/* End PBXBuildFile section */

/* Begin PBXContainerItemProxy section */
		258DDE121CA95A7600D94413 /* PBXContainerItemProxy */ = {
			isa = PBXContainerItemProxy;
			containerPortal = 258DDDF41CA95A7600D94413 /* Project object */;
			proxyType = 1;
			remoteGlobalIDString = 258DDDFB1CA95A7600D94413;
			remoteInfo = ttttttt;
		};
/* End PBXContainerItemProxy section */

/* Begin PBXFileReference section */
		258DDDFC1CA95A7600D94413 /* ttttttt.app */ = {isa = PBXFileReference; explicitFileType = wrapper.application; includeInIndex = 0; path = ttttttt.app; sourceTree = BUILT_PRODUCTS_DIR; };
		258DDE001CA95A7600D94413 /* Info.plist */ = {isa = PBXFileReference; lastKnownFileType = text.plist.xml; path = Info.plist; sourceTree = "<group>"; };
		258DDE011CA95A7600D94413 /* AppDelegate.swift */ = {isa = PBXFileReference; lastKnownFileType = sourcecode.swift; path = AppDelegate.swift; sourceTree = "<group>"; };
		258DDE031CA95A7600D94413 /* ViewController.swift */ = {isa = PBXFileReference; lastKnownFileType = sourcecode.swift; path = ViewController.swift; sourceTree = "<group>"; };
		258DDE061CA95A7600D94413 /* Base */ = {isa = PBXFileReference; lastKnownFileType = file.storyboard; name = Base; path = Base.lproj/Main.storyboard; sourceTree = "<group>"; };
		258DDE081CA95A7600D94413 /* Images.xcassets */ = {isa = PBXFileReference; lastKnownFileType = folder.assetcatalog; path = Images.xcassets; sourceTree = "<group>"; };
		258DDE0B1CA95A7600D94413 /* Base */ = {isa = PBXFileReference; lastKnownFileType = file.xib; name = Base; path = Base.lproj/LaunchScreen.xib; sourceTree = "<group>"; };
		258DDE111CA95A7600D94413 /* tttttttTests.xctest */ = {isa = PBXFileReference; explicitFileType = wrapper.cfbundle; includeInIndex = 0; path = tttttttTests.xctest; sourceTree = BUILT_PRODUCTS_DIR; };
		258DDE161CA95A7600D94413 /* Info.plist */ = {isa = PBXFileReference; lastKnownFileType = text.plist.xml; path = Info.plist; sourceTree = "<group>"; };
		258DDE171CA95A7600D94413 /* tttttttTests.swift */ = {isa = PBXFileReference; lastKnownFileType = sourcecode.swift; path = tttttttTests.swift; sourceTree = "<group>"; };
/* End PBXFileReference section */

/* Begin PBXFrameworksBuildPhase section */
		258DDDF91CA95A7600D94413 /* Frameworks */ = {
			isa = PBXFrameworksBuildPhase;
			buildActionMask = 2147483647;
			files = (
			);
			runOnlyForDeploymentPostprocessing = 0;
		};
		258DDE0E1CA95A7600D94413 /* Frameworks */ = {
			isa = PBXFrameworksBuildPhase;
			buildActionMask = 2147483647;
			files = (
			);
			runOnlyForDeploymentPostprocessing = 0;
		};
/* End PBXFrameworksBuildPhase section */

/* Begin PBXGroup section */
		258DDDF31CA95A7600D94413 = {
			isa = PBXGroup;
			children = (
				258DDDFE1CA95A7600D94413 /* ttttttt */,
				258DDE141CA95A7600D94413 /* tttttttTests */,
				258DDDFD1CA95A7600D94413 /* Products */,
			);
			sourceTree = "<group>";
		};
		258DDDFD1CA95A7600D94413 /* Products */ = {
			isa = PBXGroup;
			children = (
				258DDDFC1CA95A7600D94413 /* ttttttt.app */,
				258DDE111CA95A7600D94413 /* tttttttTests.xctest */,
			);
			name = Products;
			sourceTree = "<group>";
		};
		258DDDFE1CA95A7600D94413 /* ttttttt */ = {
			isa = PBXGroup;
			children = (
				258DDE011CA95A7600D94413 /* AppDelegate.swift */,
				258DDE031CA95A7600D94413 /* ViewController.swift */,
				258DDE051CA95A7600D94413 /* Main.storyboard */,
				258DDE081CA95A7600D94413 /* Images.xcassets */,
				258DDE0A1CA95A7600D94413 /* LaunchScreen.xib */,
				258DDDFF1CA95A7600D94413 /* Supporting Files */,
			);
			path = ttttttt;
			sourceTree = "<group>";
		};
		258DDDFF1CA95A7600D94413 /* Supporting Files */ = {
			isa = PBXGroup;
			children = (
				258DDE001CA95A7600D94413 /* Info.plist */,
			);
			name = "Supporting Files";
			sourceTree = "<group>";
		};
		258DDE141CA95A7600D94413 /* tttttttTests */ = {
			isa = PBXGroup;
			children = (
				258DDE171CA95A7600D94413 /* tttttttTests.swift */,
				258DDE151CA95A7600D94413 /* Supporting Files */,
			);
			path = tttttttTests;
			sourceTree = "<group>";
		};
		258DDE151CA95A7600D94413 /* Supporting Files */ = {
			isa = PBXGroup;
			children = (
				258DDE161CA95A7600D94413 /* Info.plist */,
			);
			name = "Supporting Files";
			sourceTree = "<group>";
		};
/* End PBXGroup section */

/* Begin PBXNativeTarget section */
		258DDDFB1CA95A7600D94413 /* ttttttt */ = {
			isa = PBXNativeTarget;
			buildConfigurationList = 258DDE1B1CA95A7600D94413 /* Build configuration list for PBXNativeTarget "ttttttt" */;
			buildPhases = (
				258DDDF81CA95A7600D94413 /* Sources */,
				258DDDF91CA95A7600D94413 /* Frameworks */,
				258DDDFA1CA95A7600D94413 /* Resources */,
			);
			buildRules = (
			);
			dependencies = (
			);
			name = ttttttt;
			productName = ttttttt;
			productReference = 258DDDFC1CA95A7600D94413 /* ttttttt.app */;
			productType = "com.apple.product-type.application";
		};
		258DDE101CA95A7600D94413 /* tttttttTests */ = {
			isa = PBXNativeTarget;
			buildConfigurationList = 258DDE1E1CA95A7600D94413 /* Build configuration list for PBXNativeTarget "tttttttTests" */;
			buildPhases = (
				258DDE0D1CA95A7600D94413 /* Sources */,
				258DDE0E1CA95A7600D94413 /* Frameworks */,
				258DDE0F1CA95A7600D94413 /* Resources */,
			);
			buildRules = (
			);
			dependencies = (
				258DDE131CA95A7600D94413 /* PBXTargetDependency */,
			);
			name = tttttttTests;
			productName = tttttttTests;
			productReference = 258DDE111CA95A7600D94413 /* tttttttTests.xctest */;
			productType = "com.apple.product-type.bundle.unit-test";
		};
/* End PBXNativeTarget section */

/* Begin PBXProject section */
		258DDDF41CA95A7600D94413 /* Project object */ = {
			isa = PBXProject;
			attributes = {
				LastUpgradeCheck = 0630;
				ORGANIZATIONNAME = guohan;
				TargetAttributes = {
					258DDDFB1CA95A7600D94413 = {
						CreatedOnToolsVersion = 6.3;
					};
					258DDE101CA95A7600D94413 = {
						CreatedOnToolsVersion = 6.3;
						TestTargetID = 258DDDFB1CA95A7600D94413;
					};
				};
			};
			buildConfigurationList = 258DDDF71CA95A7600D94413 /* Build configuration list for PBXProject "ttttttt" */;
			compatibilityVersion = "Xcode 3.2";
			developmentRegion = English;
			hasScannedForEncodings = 0;
			knownRegions = (
				en,
				Base,
			);
			mainGroup = 258DDDF31CA95A7600D94413;
			productRefGroup = 258DDDFD1CA95A7600D94413 /* Products */;
			projectDirPath = "";
			projectRoot = "";
			targets = (
				258DDDFB1CA95A7600D94413 /* ttttttt */,
				258DDE101CA95A7600D94413 /* tttttttTests */,
			);
		};
/* End PBXProject section */

/* Begin PBXResourcesBuildPhase section */
		258DDDFA1CA95A7600D94413 /* Resources */ = {
			isa = PBXResourcesBuildPhase;
			buildActionMask = 2147483647;
			files = (
				258DDE071CA95A7600D94413 /* Main.storyboard in Resources */,
				258DDE0C1CA95A7600D94413 /* LaunchScreen.xib in Resources */,
				258DDE091CA95A7600D94413 /* Images.xcassets in Resources */,
			);
			runOnlyForDeploymentPostprocessing = 0;
		};
		258DDE0F1CA95A7600D94413 /* Resources */ = {
			isa = PBXResourcesBuildPhase;
			buildActionMask = 2147483647;
			files = (
			);
			runOnlyForDeploymentPostprocessing = 0;
		};
/* End PBXResourcesBuildPhase section */

/* Begin PBXSourcesBuildPhase section */
		258DDDF81CA95A7600D94413 /* Sources */ = {
			isa = PBXSourcesBuildPhase;
			buildActionMask = 2147483647;
			files = (
				258DDE041CA95A7600D94413 /* ViewController.swift in Sources */,
				258DDE021CA95A7600D94413 /* AppDelegate.swift in Sources */,
			);
			runOnlyForDeploymentPostprocessing = 0;
		};
		258DDE0D1CA95A7600D94413 /* Sources */ = {
			isa = PBXSourcesBuildPhase;
			buildActionMask = 2147483647;
			files = (
				258DDE181CA95A7600D94413 /* tttttttTests.swift in Sources */,
			);
			runOnlyForDeploymentPostprocessing = 0;
		};
/* End PBXSourcesBuildPhase section */

/* Begin PBXTargetDependency section */
		258DDE131CA95A7600D94413 /* PBXTargetDependency */ = {
			isa = PBXTargetDependency;
			target = 258DDDFB1CA95A7600D94413 /* ttttttt */;
			targetProxy = 258DDE121CA95A7600D94413 /* PBXContainerItemProxy */;
		};
/* End PBXTargetDependency section */

/* Begin PBXVariantGroup section */
		258DDE051CA95A7600D94413 /* Main.storyboard */ = {
			isa = PBXVariantGroup;
			children = (
				258DDE061CA95A7600D94413 /* Base */,
			);
			name = Main.storyboard;
			sourceTree = "<group>";
		};
		258DDE0A1CA95A7600D94413 /* LaunchScreen.xib */ = {
			isa = PBXVariantGroup;
			children = (
				258DDE0B1CA95A7600D94413 /* Base */,
			);
			name = LaunchScreen.xib;
			sourceTree = "<group>";
		};
/* End PBXVariantGroup section */

/* Begin XCBuildConfiguration section */
		258DDE191CA95A7600D94413 /* Debug */ = {
			isa = XCBuildConfiguration;
			buildSettings = {
				ALWAYS_SEARCH_USER_PATHS = NO;
				CLANG_CXX_LANGUAGE_STANDARD = "gnu++0x";
				CLANG_CXX_LIBRARY = "libc++";
				CLANG_ENABLE_MODULES = YES;
				CLANG_ENABLE_OBJC_ARC = YES;
				CLANG_WARN_BOOL_CONVERSION = YES;
				CLANG_WARN_CONSTANT_CONVERSION = YES;
				CLANG_WARN_DIRECT_OBJC_ISA_USAGE = YES_ERROR;
				CLANG_WARN_EMPTY_BODY = YES;
				CLANG_WARN_ENUM_CONVERSION = YES;
				CLANG_WARN_INT_CONVERSION = YES;
				CLANG_WARN_OBJC_ROOT_CLASS = YES_ERROR;
				CLANG_WARN_UNREACHABLE_CODE = YES;
				CLANG_WARN__DUPLICATE_METHOD_MATCH = YES;
				"CODE_SIGN_IDENTITY[sdk=iphoneos*]" = "iPhone Developer";
				COPY_PHASE_STRIP = NO;
				DEBUG_INFORMATION_FORMAT = "dwarf-with-dsym";
				ENABLE_STRICT_OBJC_MSGSEND = YES;
				GCC_C_LANGUAGE_STANDARD = gnu99;
				GCC_DYNAMIC_NO_PIC = NO;
				GCC_NO_COMMON_BLOCKS = YES;
				GCC_OPTIMIZATION_LEVEL = 0;
				GCC_PREPROCESSOR_DEFINITIONS = (
					"DEBUG=1",
					"$(inherited)",
				);
				GCC_SYMBOLS_PRIVATE_EXTERN = NO;
				GCC_WARN_64_TO_32_BIT_CONVERSION = YES;
				GCC_WARN_ABOUT_RETURN_TYPE = YES_ERROR;
				GCC_WARN_UNDECLARED_SELECTOR = YES;
				GCC_WARN_UNINITIALIZED_AUTOS = YES_AGGRESSIVE;
				GCC_WARN_UNUSED_FUNCTION = YES;
				GCC_WARN_UNUSED_VARIABLE = YES;
				IPHONEOS_DEPLOYMENT_TARGET = 8.3;
				MTL_ENABLE_DEBUG_INFO = YES;
				ONLY_ACTIVE_ARCH = YES;
				SDKROOT = iphoneos;
				SWIFT_OPTIMIZATION_LEVEL = "-Onone";
			};
			name = Debug;
		};
		258DDE1A1CA95A7600D94413 /* Release */ = {
			isa = XCBuildConfiguration;
			buildSettings = {
				ALWAYS_SEARCH_USER_PATHS = NO;
				CLANG_CXX_LANGUAGE_STANDARD = "gnu++0x";
				CLANG_CXX_LIBRARY = "libc++";
				CLANG_ENABLE_MODULES = YES;
				CLANG_ENABLE_OBJC_ARC = YES;
				CLANG_WARN_BOOL_CONVERSION = YES;
				CLANG_WARN_CONSTANT_CONVERSION = YES;
				CLANG_WARN_DIRECT_OBJC_ISA_USAGE = YES_ERROR;
				CLANG_WARN_EMPTY_BODY = YES;
				CLANG_WARN_ENUM_CONVERSION = YES;
				CLANG_WARN_INT_CONVERSION = YES;
				CLANG_WARN_OBJC_ROOT_CLASS = YES_ERROR;
				CLANG_WARN_UNREACHABLE_CODE = YES;
				CLANG_WARN__DUPLICATE_METHOD_MATCH = YES;
				"CODE_SIGN_IDENTITY[sdk=iphoneos*]" = "iPhone Developer";
				COPY_PHASE_STRIP = NO;
				DEBUG_INFORMATION_FORMAT = "dwarf-with-dsym";
				ENABLE_NS_ASSERTIONS = NO;
				ENABLE_STRICT_OBJC_MSGSEND = YES;
				GCC_C_LANGUAGE_STANDARD = gnu99;
				GCC_NO_COMMON_BLOCKS = YES;
				GCC_WARN_64_TO_32_BIT_CONVERSION = YES;
				GCC_WARN_ABOUT_RETURN_TYPE = YES_ERROR;
				GCC_WARN_UNDECLARED_SELECTOR = YES;
				GCC_WARN_UNINITIALIZED_AUTOS = YES_AGGRESSIVE;
				GCC_WARN_UNUSED_FUNCTION = YES;
				GCC_WARN_UNUSED_VARIABLE = YES;
				IPHONEOS_DEPLOYMENT_TARGET = 8.3;
				MTL_ENABLE_DEBUG_INFO = NO;
				SDKROOT = iphoneos;
				VALIDATE_PRODUCT = YES;
			};
			name = Release;
		};
		258DDE1C1CA95A7600D94413 /* Debug */ = {
			isa = XCBuildConfiguration;
			buildSettings = {
				ASSETCATALOG_COMPILER_APPICON_NAME = AppIcon;
				INFOPLIST_FILE = ttttttt/Info.plist;
				LD_RUNPATH_SEARCH_PATHS = "$(inherited) @executable_path/Frameworks";
				PRODUCT_NAME = "$(TARGET_NAME)";
			};
			name = Debug;
		};
		258DDE1D1CA95A7600D94413 /* Release */ = {
			isa = XCBuildConfiguration;
			buildSettings = {
				ASSETCATALOG_COMPILER_APPICON_NAME = AppIcon;
				INFOPLIST_FILE = ttttttt/Info.plist;
				LD_RUNPATH_SEARCH_PATHS = "$(inherited) @executable_path/Frameworks";
				PRODUCT_NAME = "$(TARGET_NAME)";
			};
			name = Release;
		};
		258DDE1F1CA95A7600D94413 /* Debug */ = {
			isa = XCBuildConfiguration;
			buildSettings = {
				BUNDLE_LOADER = "$(TEST_HOST)";
				FRAMEWORK_SEARCH_PATHS = (
					"$(SDKROOT)/Developer/Library/Frameworks",
					"$(inherited)",
				);
				GCC_PREPROCESSOR_DEFINITIONS = (
					"DEBUG=1",
					"$(inherited)",
				);
				INFOPLIST_FILE = tttttttTests/Info.plist;
				LD_RUNPATH_SEARCH_PATHS = "$(inherited) @executable_path/Frameworks @loader_path/Frameworks";
				PRODUCT_NAME = "$(TARGET_NAME)";
				TEST_HOST = "$(BUILT_PRODUCTS_DIR)/ttttttt.app/ttttttt";
			};
			name = Debug;
		};
		258DDE201CA95A7600D94413 /* Release */ = {
			isa = XCBuildConfiguration;
			buildSettings = {
				BUNDLE_LOADER = "$(TEST_HOST)";
				FRAMEWORK_SEARCH_PATHS = (
					"$(SDKROOT)/Developer/Library/Frameworks",
					"$(inherited)",
				);
				INFOPLIST_FILE = tttttttTests/Info.plist;
				LD_RUNPATH_SEARCH_PATHS = "$(inherited) @executable_path/Frameworks @loader_path/Frameworks";
				PRODUCT_NAME = "$(TARGET_NAME)";
				TEST_HOST = "$(BUILT_PRODUCTS_DIR)/ttttttt.app/ttttttt";
			};
			name = Release;
		};
/* End XCBuildConfiguration section */

/* Begin XCConfigurationList section */
		258DDDF71CA95A7600D94413 /* Build configuration list for PBXProject "ttttttt" */ = {
			isa = XCConfigurationList;
			buildConfigurations = (
				258DDE191CA95A7600D94413 /* Debug */,
				258DDE1A1CA95A7600D94413 /* Release */,
			);
			defaultConfigurationIsVisible = 0;
			defaultConfigurationName = Release;
		};
		258DDE1B1CA95A7600D94413 /* Build configuration list for PBXNativeTarget "ttttttt" */ = {
			isa = XCConfigurationList;
			buildConfigurations = (
				258DDE1C1CA95A7600D94413 /* Debug */,
				258DDE1D1CA95A7600D94413 /* Release */,
			);
			defaultConfigurationIsVisible = 0;
		};
		258DDE1E1CA95A7600D94413 /* Build configuration list for PBXNativeTarget "tttttttTests" */ = {
			isa = XCConfigurationList;
			buildConfigurations = (
				258DDE1F1CA95A7600D94413 /* Debug */,
				258DDE201CA95A7600D94413 /* Release */,
			);
			defaultConfigurationIsVisible = 0;
		};
/* End XCConfigurationList section */
	};
	rootObject = 258DDDF41CA95A7600D94413 /* Project object */;
}
